
Microsoft Visual Studio Solution File, Format Version 12.00
# Visual Studio Version 17
VisualStudioVersion = 17.7.34024.191
MinimumVisualStudioVersion = 10.0.40219.1
Project("{FAE04EC0-301F-11D3-BF4B-00C04F79EFBC}") = "TrackingAndTrace", "TrackingAndTrace\TrackingAndTrace.csproj", "{CCA42850-BDFF-4072-B766-9F5CEBEBE05B}"
EndProject
Project("{FAE04EC0-301F-11D3-BF4B-00C04F79EFBC}") = "ML", "ML\ML.csproj", "{290F24EE-0DB3-42D3-94D7-32DD88D8B8F6}"
EndProject
Project("{FAE04EC0-301F-11D3-BF4B-00C04F79EFBC}") = "DL", "DL\DL.csproj", "{208D9CFE-9F84-4CFB-B68F-3090D9D8866B}"
EndProject
Project("{FAE04EC0-301F-11D3-BF4B-00C04F79EFBC}") = "BL", "BL\BL.csproj", "{D00A3534-CDDE-4CB2-8A30-99B05C088A6A}"
EndProject
Project("{FAE04EC0-301F-11D3-BF4B-00C04F79EFBC}") = "WepAPI", "WepAPI\WepAPI.csproj", "{0B02B4BB-CDF1-42B7-8DB3-4520A26CB8FE}"
EndProject
Project("{FAE04EC0-301F-11D3-BF4B-00C04F79EFBC}") = "WCFService", "WCFService\WCFService.csproj", "{DCC89FE5-ECF2-45FF-846C-A54D48B166B4}"
EndProject
Global
	GlobalSection(SolutionConfigurationPlatforms) = preSolution
		Debug|Any CPU = Debug|Any CPU
		Release|Any CPU = Release|Any CPU
	EndGlobalSection
	GlobalSection(ProjectConfigurationPlatforms) = postSolution
		{CCA42850-BDFF-4072-B766-9F5CEBEBE05B}.Debug|Any CPU.ActiveCfg = Debug|Any CPU
		{CCA42850-BDFF-4072-B766-9F5CEBEBE05B}.Debug|Any CPU.Build.0 = Debug|Any CPU
		{CCA42850-BDFF-4072-B766-9F5CEBEBE05B}.Release|Any CPU.ActiveCfg = Release|Any CPU
		{CCA42850-BDFF-4072-B766-9F5CEBEBE05B}.Release|Any CPU.Build.0 = Release|Any CPU
		{290F24EE-0DB3-42D3-94D7-32DD88D8B8F6}.Debug|Any CPU.ActiveCfg = Debug|Any CPU
		{290F24EE-0DB3-42D3-94D7-32DD88D8B8F6}.Debug|Any CPU.Build.0 = Debug|Any CPU
		{290F24EE-0DB3-42D3-94D7-32DD88D8B8F6}.Release|Any CPU.ActiveCfg = Release|Any CPU
		{290F24EE-0DB3-42D3-94D7-32DD88D8B8F6}.Release|Any CPU.Build.0 = Release|Any CPU
		{208D9CFE-9F84-4CFB-B68F-3090D9D8866B}.Debug|Any CPU.ActiveCfg = Debug|Any CPU
		{208D9CFE-9F84-4CFB-B68F-3090D9D8866B}.Debug|Any CPU.Build.0 = Debug|Any CPU
		{208D9CFE-9F84-4CFB-B68F-3090D9D8866B}.Release|Any CPU.ActiveCfg = Release|Any CPU
		{208D9CFE-9F84-4CFB-B68F-3090D9D8866B}.Release|Any CPU.Build.0 = Release|Any CPU
		{D00A3534-CDDE-4CB2-8A30-99B05C088A6A}.Debug|Any CPU.ActiveCfg = Debug|Any CPU
		{D00A3534-CDDE-4CB2-8A30-99B05C088A6A}.Debug|Any CPU.Build.0 = Debug|Any CPU
		{D00A3534-CDDE-4CB2-8A30-99B05C088A6A}.Release|Any CPU.ActiveCfg = Release|Any CPU
		{D00A3534-CDDE-4CB2-8A30-99B05C088A6A}.Release|Any CPU.Build.0 = Release|Any CPU
		{0B02B4BB-CDF1-42B7-8DB3-4520A26CB8FE}.Debug|Any CPU.ActiveCfg = Debug|Any CPU
		{0B02B4BB-CDF1-42B7-8DB3-4520A26CB8FE}.Debug|Any CPU.Build.0 = Debug|Any CPU
		{0B02B4BB-CDF1-42B7-8DB3-4520A26CB8FE}.Release|Any CPU.ActiveCfg = Release|Any CPU
		{0B02B4BB-CDF1-42B7-8DB3-4520A26CB8FE}.Release|Any CPU.Build.0 = Release|Any CPU
		{DCC89FE5-ECF2-45FF-846C-A54D48B166B4}.Debug|Any CPU.ActiveCfg = Debug|Any CPU
		{DCC89FE5-ECF2-45FF-846C-A54D48B166B4}.Debug|Any CPU.Build.0 = Debug|Any CPU
		{DCC89FE5-ECF2-45FF-846C-A54D48B166B4}.Release|Any CPU.ActiveCfg = Release|Any CPU
		{DCC89FE5-ECF2-45FF-846C-A54D48B166B4}.Release|Any CPU.Build.0 = Release|Any CPU
	EndGlobalSection
	GlobalSection(SolutionProperties) = preSolution
		HideSolutionNode = FALSE
	EndGlobalSection
	GlobalSection(ExtensibilityGlobals) = postSolution
		SolutionGuid = {A991500E-BDF3-4D9A-8BB5-49768152EC0A}
	EndGlobalSection
EndGlobal
